PODS:
  - Capacitor (8.3.1):
    - CapacitorCordova
  - CapacitorApp (8.1.0):
    - Capacitor
  - CapacitorCordova (8.3.1)
  - CapacitorKeyboard (8.0.3):
    - Capacitor
  - CapacitorLocalNotifications (8.0.2):
    - Capacitor
  - CapacitorOnebotConnctor (0.0.1):
    - Capacitor
  - CapacitorStatusBar (8.0.2):
    - Capacitor
  - HugotomaziCapacitorNavigationBar (4.0.1):
    - Capacitor
  - UntinyCapacitorSafeArea (1.0.3):
    - Capacitor

DEPENDENCIES:
  - "Capacitor (from `../../../../node_modules/@capacitor/ios`)"
  - "CapacitorApp (from `../../../../node_modules/@capacitor/app`)"
  - "CapacitorCordova (from `../../../../node_modules/@capacitor/ios`)"
  - "CapacitorKeyboard (from `../../../../node_modules/@capacitor/keyboard`)"
  - "CapacitorLocalNotifications (from `../../../../node_modules/@capacitor/local-notifications`)"
  - CapacitorOnebotConnctor (from `../../../../ssqq.capacitor-onebot-connector`)
  - "CapacitorStatusBar (from `../../../../node_modules/@capacitor/status-bar`)"
  - "HugotomaziCapacitorNavigationBar (from `../../../../node_modules/@hugotomazi/capacitor-navigation-bar`)"
  - "UntinyCapacitorSafeArea (from `../../../../node_modules/@untiny/capacitor-safe-area`)"

EXTERNAL SOURCES:
  Capacitor:
    :path: "../../../../node_modules/@capacitor/ios"
  CapacitorApp:
    :path: "../../../../node_modules/@capacitor/app"
  CapacitorCordova:
    :path: "../../../../node_modules/@capacitor/ios"
  CapacitorKeyboard:
    :path: "../../../../node_modules/@capacitor/keyboard"
  CapacitorLocalNotifications:
    :path: "../../../../node_modules/@capacitor/local-notifications"
  CapacitorOnebotConnctor:
    :path: "../../../../ssqq.capacitor-onebot-connector"
  CapacitorStatusBar:
    :path: "../../../../node_modules/@capacitor/status-bar"
  HugotomaziCapacitorNavigationBar:
    :path: "../../../../node_modules/@hugotomazi/capacitor-navigation-bar"
  UntinyCapacitorSafeArea:
    :path: "../../../../node_modules/@untiny/capacitor-safe-area"

SPEC CHECKSUMS:
  Capacitor: 46dbaa89c1d1cd121b9fc2dc839c1f39cc49e326
  CapacitorApp: 449ffe26375e96f8aaaee625ac6e01e5c57c8650
  CapacitorCordova: 9010447fe25e869705fcf525e5f490facde87608
  CapacitorKeyboard: 31c8285d92c9d1410071d52449f16d2c6673b6f4
  CapacitorLocalNotifications: 4db83a7f6bdd2f30dcedf5c6f92c415065467a24
  CapacitorOnebotConnctor: 6f9f82cae00c8fe1f1838456d079802613d5732b
  CapacitorStatusBar: 01d5763b4ed720de5ce2edbc938de6a98f4c8f32
  HugotomaziCapacitorNavigationBar: d56bded81461cc38cd071727126e7298002ff2b5
  UntinyCapacitorSafeArea: bbfa1040710d042e8da47a45f3105f2364ac8681

PODFILE CHECKSUM: 47bacbe07e3c7d3416fbac62c009018a222d6411

COCOAPODS: 1.17.0
